
Microsoft Visual Studio Solution File, Format Version 12.00
Project("{FAE04EC0-301F-11D3-BF4B-00C04F79EFBC}") = "BlazorWASMClient", "BlazorWASMClient\BlazorWASMClient.csproj", "{21317461-931E-4642-B96D-434B48D3A923}"
EndProject
Global
	GlobalSection(SolutionConfigurationPlatforms) = preSolution
		Debug|Any CPU = Debug|Any CPU
		Release|Any CPU = Release|Any CPU
	EndGlobalSection
	GlobalSection(ProjectConfigurationPlatforms) = postSolution
		{21317461-931E-4642-B96D-434B48D3A923}.Debug|Any CPU.ActiveCfg = Debug|Any CPU
		{21317461-931E-4642-B96D-434B48D3A923}.Debug|Any CPU.Build.0 = Debug|Any CPU
		{21317461-931E-4642-B96D-434B48D3A923}.Release|Any CPU.ActiveCfg = Release|Any CPU
		{21317461-931E-4642-B96D-434B48D3A923}.Release|Any CPU.Build.0 = Release|Any CPU
	EndGlobalSection
EndGlobal
